
Microsoft Visual Studio Solution File, Format Version 12.00
Project("{FAE04EC0-301F-11D3-BF4B-00C04F79EFBC}") = "Libary.App", "Libary.App\Libary.App.csproj", "{7C1431F1-F814-469F-A73B-67C99B85C08B}"
EndProject
Project("{FAE04EC0-301F-11D3-BF4B-00C04F79EFBC}") = "Libary.Model", "Libary.Model\Libary.Model.csproj", "{23C58F2B-7F7D-4617-87CC-DEE870DB848E}"
EndProject
Global
	GlobalSection(SolutionConfigurationPlatforms) = preSolution
		Debug|Any CPU = Debug|Any CPU
		Release|Any CPU = Release|Any CPU
	EndGlobalSection
	GlobalSection(ProjectConfigurationPlatforms) = postSolution
		{7C1431F1-F814-469F-A73B-67C99B85C08B}.Debug|Any CPU.ActiveCfg = Debug|Any CPU
		{7C1431F1-F814-469F-A73B-67C99B85C08B}.Debug|Any CPU.Build.0 = Debug|Any CPU
		{7C1431F1-F814-469F-A73B-67C99B85C08B}.Release|Any CPU.ActiveCfg = Release|Any CPU
		{7C1431F1-F814-469F-A73B-67C99B85C08B}.Release|Any CPU.Build.0 = Release|Any CPU
		{23C58F2B-7F7D-4617-87CC-DEE870DB848E}.Debug|Any CPU.ActiveCfg = Debug|Any CPU
		{23C58F2B-7F7D-4617-87CC-DEE870DB848E}.Debug|Any CPU.Build.0 = Debug|Any CPU
		{23C58F2B-7F7D-4617-87CC-DEE870DB848E}.Release|Any CPU.ActiveCfg = Release|Any CPU
		{23C58F2B-7F7D-4617-87CC-DEE870DB848E}.Release|Any CPU.Build.0 = Release|Any CPU
	EndGlobalSection
EndGlobal
